
Microsoft Visual Studio Solution File, Format Version 12.00
# Visual Studio Version 17
VisualStudioVersion = 17.5.33627.172
MinimumVisualStudioVersion = 10.0.40219.1
Project("{9A19103F-16F7-4668-BE54-9A1E7A4F7556}") = "KassenHelper", "KassenHelper\KassenHelper.csproj", "{6D7F5FBB-9091-41AF-A670-BCAC9C18A562}"
EndProject
Project("{9A19103F-16F7-4668-BE54-9A1E7A4F7556}") = "PayPalHelper", "PayPalHelper\PayPalHelper.csproj", "{2D8791CE-857B-4FE4-869E-B5766D2C6B20}"
EndProject
Project("{9A19103F-16F7-4668-BE54-9A1E7A4F7556}") = "AuditHelper", "KassenHelperForm\AuditHelper.csproj", "{87B91457-EACD-4FD7-9A79-CDE80E186551}"
EndProject
Global
	GlobalSection(SolutionConfigurationPlatforms) = preSolution
		Debug|Any CPU = Debug|Any CPU
		Release|Any CPU = Release|Any CPU
	EndGlobalSection
	GlobalSection(ProjectConfigurationPlatforms) = postSolution
		{6D7F5FBB-9091-41AF-A670-BCAC9C18A562}.Debug|Any CPU.ActiveCfg = Debug|Any CPU
		{6D7F5FBB-9091-41AF-A670-BCAC9C18A562}.Debug|Any CPU.Build.0 = Debug|Any CPU
		{6D7F5FBB-9091-41AF-A670-BCAC9C18A562}.Release|Any CPU.ActiveCfg = Release|Any CPU
		{6D7F5FBB-9091-41AF-A670-BCAC9C18A562}.Release|Any CPU.Build.0 = Release|Any CPU
		{2D8791CE-857B-4FE4-869E-B5766D2C6B20}.Debug|Any CPU.ActiveCfg = Debug|Any CPU
		{2D8791CE-857B-4FE4-869E-B5766D2C6B20}.Debug|Any CPU.Build.0 = Debug|Any CPU
		{2D8791CE-857B-4FE4-869E-B5766D2C6B20}.Release|Any CPU.ActiveCfg = Release|Any CPU
		{2D8791CE-857B-4FE4-869E-B5766D2C6B20}.Release|Any CPU.Build.0 = Release|Any CPU
		{87B91457-EACD-4FD7-9A79-CDE80E186551}.Debug|Any CPU.ActiveCfg = Debug|Any CPU
		{87B91457-EACD-4FD7-9A79-CDE80E186551}.Debug|Any CPU.Build.0 = Debug|Any CPU
		{87B91457-EACD-4FD7-9A79-CDE80E186551}.Release|Any CPU.ActiveCfg = Release|Any CPU
		{87B91457-EACD-4FD7-9A79-CDE80E186551}.Release|Any CPU.Build.0 = Release|Any CPU
	EndGlobalSection
	GlobalSection(SolutionProperties) = preSolution
		HideSolutionNode = FALSE
	EndGlobalSection
	GlobalSection(ExtensibilityGlobals) = postSolution
		SolutionGuid = {14927DCB-4BEA-495B-87AE-6075C66872CB}
	EndGlobalSection
EndGlobal
